
Microsoft Visual Studio Solution File, Format Version 12.00
# Visual Studio 15
VisualStudioVersion = 15.0.28307.168
MinimumVisualStudioVersion = 10.0.40219.1
Project("{FAE04EC0-301F-11D3-BF4B-00C04F79EFBC}") = "01_Challenge", "01_Challenge\01_Challenge.csproj", "{F2643FBD-7A2D-4982-BE18-9CD586353739}"
EndProject
Project("{FAE04EC0-301F-11D3-BF4B-00C04F79EFBC}") = "01_Challenge_Tests", "01_Challenge_Tests\01_Challenge_Tests.csproj", "{21488E61-178D-4F8F-8149-D4D0E245F7CF}"
EndProject
Project("{FAE04EC0-301F-11D3-BF4B-00C04F79EFBC}") = "08_Challenge", "08_Challenge\08_Challenge.csproj", "{8C99B6E3-4BED-4E63-9FDF-862B1A1A5862}"
EndProject
Project("{FAE04EC0-301F-11D3-BF4B-00C04F79EFBC}") = "08_Challenge_Tests", "08_Challenge_Tests\08_Challenge_Tests.csproj", "{EFC04EAC-7B57-4170-8EEC-4B88EFD23546}"
EndProject
Project("{FAE04EC0-301F-11D3-BF4B-00C04F79EFBC}") = "02_challenge", "02_challenge\02_challenge.csproj", "{9272A444-F210-403D-AC8B-2EF3B88E93F5}"
EndProject
Project("{FAE04EC0-301F-11D3-BF4B-00C04F79EFBC}") = "02_Challenge_Tests", "02_Challenge_Tests\02_Challenge_Tests.csproj", "{FD62702D-B656-417B-89F8-710D9CC48808}"
EndProject
Project("{FAE04EC0-301F-11D3-BF4B-00C04F79EFBC}") = "04_Challenge", "04_Challenge\04_Challenge.csproj", "{ECC309A1-A0D8-4941-9EFC-9F288DEB07D8}"
EndProject
Project("{FAE04EC0-301F-11D3-BF4B-00C04F79EFBC}") = "04_Challenge_Tests", "04_Challenge_Tests\04_Challenge_Tests.csproj", "{CF737C99-D98F-4507-AF49-DF58FE4D6246}"
EndProject
Project("{FAE04EC0-301F-11D3-BF4B-00C04F79EFBC}") = "03_Challenge_Tests", "03_Challenge_Tests\03_Challenge_Tests.csproj", "{0CA32764-C6F9-4C63-A5BC-F921E5052389}"
EndProject
Project("{FAE04EC0-301F-11D3-BF4B-00C04F79EFBC}") = "03_Challenge", "03_Challenge\03_Challenge.csproj", "{8D76EAB5-AFBE-40B9-BB6B-0C5C3122A7C0}"
EndProject
Project("{FAE04EC0-301F-11D3-BF4B-00C04F79EFBC}") = "06_Challenge", "06_Challenge\06_Challenge.csproj", "{A53C6741-5CDA-4F5C-BC5A-675F6CF164B8}"
EndProject
Project("{FAE04EC0-301F-11D3-BF4B-00C04F79EFBC}") = "06_Challenge_Tests", "06_Challenge_Tests\06_Challenge_Tests.csproj", "{6A6EE289-C3EF-40B3-85D1-3D737E1453C8}"
EndProject
Global
	GlobalSection(SolutionConfigurationPlatforms) = preSolution
		Debug|Any CPU = Debug|Any CPU
		Release|Any CPU = Release|Any CPU
	EndGlobalSection
	GlobalSection(ProjectConfigurationPlatforms) = postSolution
		{F2643FBD-7A2D-4982-BE18-9CD586353739}.Debug|Any CPU.ActiveCfg = Debug|Any CPU
		{F2643FBD-7A2D-4982-BE18-9CD586353739}.Debug|Any CPU.Build.0 = Debug|Any CPU
		{F2643FBD-7A2D-4982-BE18-9CD586353739}.Release|Any CPU.ActiveCfg = Release|Any CPU
		{F2643FBD-7A2D-4982-BE18-9CD586353739}.Release|Any CPU.Build.0 = Release|Any CPU
		{21488E61-178D-4F8F-8149-D4D0E245F7CF}.Debug|Any CPU.ActiveCfg = Debug|Any CPU
		{21488E61-178D-4F8F-8149-D4D0E245F7CF}.Debug|Any CPU.Build.0 = Debug|Any CPU
		{21488E61-178D-4F8F-8149-D4D0E245F7CF}.Release|Any CPU.ActiveCfg = Release|Any CPU
		{21488E61-178D-4F8F-8149-D4D0E245F7CF}.Release|Any CPU.Build.0 = Release|Any CPU
		{8C99B6E3-4BED-4E63-9FDF-862B1A1A5862}.Debug|Any CPU.ActiveCfg = Debug|Any CPU
		{8C99B6E3-4BED-4E63-9FDF-862B1A1A5862}.Debug|Any CPU.Build.0 = Debug|Any CPU
		{8C99B6E3-4BED-4E63-9FDF-862B1A1A5862}.Release|Any CPU.ActiveCfg = Release|Any CPU
		{8C99B6E3-4BED-4E63-9FDF-862B1A1A5862}.Release|Any CPU.Build.0 = Release|Any CPU
		{EFC04EAC-7B57-4170-8EEC-4B88EFD23546}.Debug|Any CPU.ActiveCfg = Debug|Any CPU
		{EFC04EAC-7B57-4170-8EEC-4B88EFD23546}.Debug|Any CPU.Build.0 = Debug|Any CPU
		{EFC04EAC-7B57-4170-8EEC-4B88EFD23546}.Release|Any CPU.ActiveCfg = Release|Any CPU
		{EFC04EAC-7B57-4170-8EEC-4B88EFD23546}.Release|Any CPU.Build.0 = Release|Any CPU
		{9272A444-F210-403D-AC8B-2EF3B88E93F5}.Debug|Any CPU.ActiveCfg = Debug|Any CPU
		{9272A444-F210-403D-AC8B-2EF3B88E93F5}.Debug|Any CPU.Build.0 = Debug|Any CPU
		{9272A444-F210-403D-AC8B-2EF3B88E93F5}.Release|Any CPU.ActiveCfg = Release|Any CPU
		{9272A444-F210-403D-AC8B-2EF3B88E93F5}.Release|Any CPU.Build.0 = Release|Any CPU
		{FD62702D-B656-417B-89F8-710D9CC48808}.Debug|Any CPU.ActiveCfg = Debug|Any CPU
		{FD62702D-B656-417B-89F8-710D9CC48808}.Debug|Any CPU.Build.0 = Debug|Any CPU
		{FD62702D-B656-417B-89F8-710D9CC48808}.Release|Any CPU.ActiveCfg = Release|Any CPU
		{FD62702D-B656-417B-89F8-710D9CC48808}.Release|Any CPU.Build.0 = Release|Any CPU
		{ECC309A1-A0D8-4941-9EFC-9F288DEB07D8}.Debug|Any CPU.ActiveCfg = Debug|Any CPU
		{ECC309A1-A0D8-4941-9EFC-9F288DEB07D8}.Debug|Any CPU.Build.0 = Debug|Any CPU
		{ECC309A1-A0D8-4941-9EFC-9F288DEB07D8}.Release|Any CPU.ActiveCfg = Release|Any CPU
		{ECC309A1-A0D8-4941-9EFC-9F288DEB07D8}.Release|Any CPU.Build.0 = Release|Any CPU
		{CF737C99-D98F-4507-AF49-DF58FE4D6246}.Debug|Any CPU.ActiveCfg = Debug|Any CPU
		{CF737C99-D98F-4507-AF49-DF58FE4D6246}.Debug|Any CPU.Build.0 = Debug|Any CPU
		{CF737C99-D98F-4507-AF49-DF58FE4D6246}.Release|Any CPU.ActiveCfg = Release|Any CPU
		{CF737C99-D98F-4507-AF49-DF58FE4D6246}.Release|Any CPU.Build.0 = Release|Any CPU
		{0CA32764-C6F9-4C63-A5BC-F921E5052389}.Debug|Any CPU.ActiveCfg = Debug|Any CPU
		{0CA32764-C6F9-4C63-A5BC-F921E5052389}.Debug|Any CPU.Build.0 = Debug|Any CPU
		{0CA32764-C6F9-4C63-A5BC-F921E5052389}.Release|Any CPU.ActiveCfg = Release|Any CPU
		{0CA32764-C6F9-4C63-A5BC-F921E5052389}.Release|Any CPU.Build.0 = Release|Any CPU
		{8D76EAB5-AFBE-40B9-BB6B-0C5C3122A7C0}.Debug|Any CPU.ActiveCfg = Debug|Any CPU
		{8D76EAB5-AFBE-40B9-BB6B-0C5C3122A7C0}.Debug|Any CPU.Build.0 = Debug|Any CPU
		{8D76EAB5-AFBE-40B9-BB6B-0C5C3122A7C0}.Release|Any CPU.ActiveCfg = Release|Any CPU
		{8D76EAB5-AFBE-40B9-BB6B-0C5C3122A7C0}.Release|Any CPU.Build.0 = Release|Any CPU
		{A53C6741-5CDA-4F5C-BC5A-675F6CF164B8}.Debug|Any CPU.ActiveCfg = Debug|Any CPU
		{A53C6741-5CDA-4F5C-BC5A-675F6CF164B8}.Debug|Any CPU.Build.0 = Debug|Any CPU
		{A53C6741-5CDA-4F5C-BC5A-675F6CF164B8}.Release|Any CPU.ActiveCfg = Release|Any CPU
		{A53C6741-5CDA-4F5C-BC5A-675F6CF164B8}.Release|Any CPU.Build.0 = Release|Any CPU
		{6A6EE289-C3EF-40B3-85D1-3D737E1453C8}.Debug|Any CPU.ActiveCfg = Debug|Any CPU
		{6A6EE289-C3EF-40B3-85D1-3D737E1453C8}.Debug|Any CPU.Build.0 = Debug|Any CPU
		{6A6EE289-C3EF-40B3-85D1-3D737E1453C8}.Release|Any CPU.ActiveCfg = Release|Any CPU
		{6A6EE289-C3EF-40B3-85D1-3D737E1453C8}.Release|Any CPU.Build.0 = Release|Any CPU
	EndGlobalSection
	GlobalSection(SolutionProperties) = preSolution
		HideSolutionNode = FALSE
	EndGlobalSection
	GlobalSection(ExtensibilityGlobals) = postSolution
		SolutionGuid = {A339C385-551C-4DCA-9359-CFF06D567BD0}
	EndGlobalSection
EndGlobal
